
Microsoft Visual Studio Solution File, Format Version 12.00
# Visual Studio 15
VisualStudioVersion = 15.0.28307.757
MinimumVisualStudioVersion = 10.0.40219.1
Project("{8BC9CEB8-8B4A-11D0-8D11-00A0C91BC942}") = "ChangeWinPwdSrv", "ChangeWinPwdSrv\ChangeWinPwdSrv.vcxproj", "{62E207A8-9223-43BC-AA0D-555C381A92CD}"
EndProject
Project("{8BC9CEB8-8B4A-11D0-8D11-00A0C91BC942}") = "ChangeWinPwdCl", "ChangeWinPwdCl\ChangeWinPwdCl.vcxproj", "{936ED474-CFA6-4DEB-9D8E-73CCD42C7C6E}"
EndProject
Global
	GlobalSection(SolutionConfigurationPlatforms) = preSolution
		Debug|x64 = Debug|x64
		Debug|x86 = Debug|x86
		Release|x64 = Release|x64
		Release|x86 = Release|x86
	EndGlobalSection
	GlobalSection(ProjectConfigurationPlatforms) = postSolution
		{62E207A8-9223-43BC-AA0D-555C381A92CD}.Debug|x64.ActiveCfg = Debug|x64
		{62E207A8-9223-43BC-AA0D-555C381A92CD}.Debug|x64.Build.0 = Debug|x64
		{62E207A8-9223-43BC-AA0D-555C381A92CD}.Debug|x86.ActiveCfg = Debug|Win32
		{62E207A8-9223-43BC-AA0D-555C381A92CD}.Debug|x86.Build.0 = Debug|Win32
		{62E207A8-9223-43BC-AA0D-555C381A92CD}.Release|x64.ActiveCfg = Release|x64
		{62E207A8-9223-43BC-AA0D-555C381A92CD}.Release|x64.Build.0 = Release|x64
		{62E207A8-9223-43BC-AA0D-555C381A92CD}.Release|x86.ActiveCfg = Release|Win32
		{62E207A8-9223-43BC-AA0D-555C381A92CD}.Release|x86.Build.0 = Release|Win32
		{936ED474-CFA6-4DEB-9D8E-73CCD42C7C6E}.Debug|x64.ActiveCfg = Debug|x64
		{936ED474-CFA6-4DEB-9D8E-73CCD42C7C6E}.Debug|x64.Build.0 = Debug|x64
		{936ED474-CFA6-4DEB-9D8E-73CCD42C7C6E}.Debug|x86.ActiveCfg = Debug|Win32
		{936ED474-CFA6-4DEB-9D8E-73CCD42C7C6E}.Debug|x86.Build.0 = Debug|Win32
		{936ED474-CFA6-4DEB-9D8E-73CCD42C7C6E}.Release|x64.ActiveCfg = Release|x64
		{936ED474-CFA6-4DEB-9D8E-73CCD42C7C6E}.Release|x64.Build.0 = Release|x64
		{936ED474-CFA6-4DEB-9D8E-73CCD42C7C6E}.Release|x86.ActiveCfg = Release|Win32
		{936ED474-CFA6-4DEB-9D8E-73CCD42C7C6E}.Release|x86.Build.0 = Release|Win32
	EndGlobalSection
	GlobalSection(SolutionProperties) = preSolution
		HideSolutionNode = FALSE
	EndGlobalSection
	GlobalSection(ExtensibilityGlobals) = postSolution
		SolutionGuid = {3E4FF2E7-1002-4825-98DD-7D2AB420CF24}
	EndGlobalSection
EndGlobal
